
Microsoft Visual Studio Solution File, Format Version 12.00
# Visual Studio Version 16
VisualStudioVersion = 16.0.809.3
MinimumVisualStudioVersion = 10.0.40219.1
Project("{FAE04EC0-301F-11D3-BF4B-00C04F79EFBC}") = "NotificationIconSharp", "NotificationIconSharp\NotificationIconSharp.csproj", "{492A410D-30A2-4681-9A87-73E9609A7922}"
EndProject
Project("{FAE04EC0-301F-11D3-BF4B-00C04F79EFBC}") = "Demo", "Demo\Demo.csproj", "{6118DB1D-B73B-4364-AF70-AFCE5A5EF813}"
EndProject
Project("{FAE04EC0-301F-11D3-BF4B-00C04F79EFBC}") = "OSXDemo", "OSXDemo\OSXDemo.csproj", "{69C575EF-EA4B-4095-B785-F758E54675FC}"
EndProject
Global
	GlobalSection(SolutionConfigurationPlatforms) = preSolution
		Debug|Any CPU = Debug|Any CPU
		Release|Any CPU = Release|Any CPU
	EndGlobalSection
	GlobalSection(ProjectConfigurationPlatforms) = postSolution
		{492A410D-30A2-4681-9A87-73E9609A7922}.Debug|Any CPU.ActiveCfg = Debug|Any CPU
		{492A410D-30A2-4681-9A87-73E9609A7922}.Debug|Any CPU.Build.0 = Debug|Any CPU
		{492A410D-30A2-4681-9A87-73E9609A7922}.Release|Any CPU.ActiveCfg = Release|Any CPU
		{492A410D-30A2-4681-9A87-73E9609A7922}.Release|Any CPU.Build.0 = Release|Any CPU
		{6118DB1D-B73B-4364-AF70-AFCE5A5EF813}.Debug|Any CPU.ActiveCfg = Debug|Any CPU
		{6118DB1D-B73B-4364-AF70-AFCE5A5EF813}.Debug|Any CPU.Build.0 = Debug|Any CPU
		{6118DB1D-B73B-4364-AF70-AFCE5A5EF813}.Release|Any CPU.ActiveCfg = Release|Any CPU
		{6118DB1D-B73B-4364-AF70-AFCE5A5EF813}.Release|Any CPU.Build.0 = Release|Any CPU
		{69C575EF-EA4B-4095-B785-F758E54675FC}.Debug|Any CPU.ActiveCfg = Debug|Any CPU
		{69C575EF-EA4B-4095-B785-F758E54675FC}.Debug|Any CPU.Build.0 = Debug|Any CPU
		{69C575EF-EA4B-4095-B785-F758E54675FC}.Release|Any CPU.ActiveCfg = Release|Any CPU
		{69C575EF-EA4B-4095-B785-F758E54675FC}.Release|Any CPU.Build.0 = Release|Any CPU
	EndGlobalSection
	GlobalSection(SolutionProperties) = preSolution
		HideSolutionNode = FALSE
	EndGlobalSection
	GlobalSection(ExtensibilityGlobals) = postSolution
		SolutionGuid = {C39E2FC0-C19B-4B4B-B258-426B6835908E}
	EndGlobalSection
EndGlobal
